// !$*UTF8*$!
{
	archiveVersion = 1;
	classes = {
	};
	objectVersion = 56;
	objects = {
		/* Begin PBXFileReference section */
		F1234567890A /* KidsLock.app */ = {isa = PBXFileReference; explicitFileType = wrapper.application; includeInIndex = 0; path = KidsLock.app; sourceTree = BUILT_PRODUCTS_DIR; };
		/* End PBXFileReference section */
		/* Begin PBXGroup section */
		F1234567890B = {
			isa = PBXGroup;
			children = (
				F1234567890A /* KidsLock.app */,
			);
			sourceTree = "<group>";
		};
		/* End PBXGroup section */
		/* Begin PBXProject section */
		F1234567890C /* Project object */ = {
			isa = PBXProject;
			attributes = {
				LastSwiftUpdateCheck = 1430;
				LastUpgradeCheck = 1430;
			};
			buildConfigurationList = F1234567890D /* Build configuration list for PBXProject "KidsLock" */;
			compatibilityVersion = "Xcode 14.0";
			developmentRegion = en;
			hasScannedForEncodings = 0;
			knownRegions = (
				en,
				Base,
			);
			mainGroup = F1234567890B;
			productRefGroup = F1234567890B;
			projectDirPath = "";
			projectRoot = "";
			targets = (
			);
		};
		/* End PBXProject section */
	};
	rootObject = F1234567890C /* Project object */;
}
